
Microsoft Visual Studio Solution File, Format Version 12.00
# Visual Studio Version 17
VisualStudioVersion = 17.0.32014.148
MinimumVisualStudioVersion = 10.0.40219.1
Project("{FAE04EC0-301F-11D3-BF4B-00C04F79EFBC}") = "Samples.AspNetCore.v6.Facade", "Samples.AspNetCore.v6.Facade\Samples.AspNetCore.v6.Facade.csproj", "{B81E229D-D614-41A5-A295-1E88DC7073E9}"
EndProject
Project("{2150E333-8FDC-42A3-9474-1A3956D46DE8}") = "API", "API", "{19B0C21A-E181-4CEE-A229-07C85A200E43}"
	ProjectSection(SolutionItems) = preProject
		api.yaml = api.yaml
	EndProjectSection
EndProject
Global
	GlobalSection(SolutionConfigurationPlatforms) = preSolution
		Debug|Any CPU = Debug|Any CPU
		Release|Any CPU = Release|Any CPU
	EndGlobalSection
	GlobalSection(ProjectConfigurationPlatforms) = postSolution
		{B81E229D-D614-41A5-A295-1E88DC7073E9}.Debug|Any CPU.ActiveCfg = Debug|Any CPU
		{B81E229D-D614-41A5-A295-1E88DC7073E9}.Debug|Any CPU.Build.0 = Debug|Any CPU
		{B81E229D-D614-41A5-A295-1E88DC7073E9}.Release|Any CPU.ActiveCfg = Release|Any CPU
		{B81E229D-D614-41A5-A295-1E88DC7073E9}.Release|Any CPU.Build.0 = Release|Any CPU
	EndGlobalSection
	GlobalSection(SolutionProperties) = preSolution
		HideSolutionNode = FALSE
	EndGlobalSection
	GlobalSection(ExtensibilityGlobals) = postSolution
		SolutionGuid = {96D5D63D-232A-4568-8AE2-789C8F06DFC7}
	EndGlobalSection
EndGlobal
